
Microsoft Visual Studio Solution File, Format Version 12.00
# Visual Studio 15
Project("{FAE04EC0-301F-11D3-BF4B-00C04F79EFBC}") = "Assembly-CSharp", "Assembly-CSharp.csproj", "{262F7B3F-F193-6034-1BB2-6A93C095FCB8}"
EndProject
Global
	GlobalSection(SolutionConfigurationPlatforms) = preSolution
		Debug|Any CPU = Debug|Any CPU
		Release|Any CPU = Release|Any CPU
	EndGlobalSection
	GlobalSection(ProjectConfigurationPlatforms) = postSolution
		{262F7B3F-F193-6034-1BB2-6A93C095FCB8}.Debug|Any CPU.ActiveCfg = Debug|Any CPU
		{262F7B3F-F193-6034-1BB2-6A93C095FCB8}.Debug|Any CPU.Build.0 = Debug|Any CPU
		{262F7B3F-F193-6034-1BB2-6A93C095FCB8}.Release|Any CPU.ActiveCfg = Release|Any CPU
		{262F7B3F-F193-6034-1BB2-6A93C095FCB8}.Release|Any CPU.Build.0 = Release|Any CPU
	EndGlobalSection
	GlobalSection(SolutionProperties) = preSolution
		HideSolutionNode = FALSE
	EndGlobalSection
EndGlobal
